<?xml version="1.0" encoding="utf-8"?>
<Project ToolsVersion="4.0" xmlns="http://schemas.microsoft.com/developer/msbuild/2003">
  <ItemGroup>
    <Filter Include="Source Files">
      <UniqueIdentifier>{4FC737F1-C7A5-4376-A066-2A32D752A2FF}</UniqueIdentifier>
      <Extensions>cpp;c;cc;cxx;c++;cppm;ixx;def;odl;idl;hpj;bat;asm;asmx</Extensions>
    </Filter>
    <Filter Include="Header Files">
      <UniqueIdentifier>{93995380-89BD-4b04-88EB-625FBE52EBFB}</UniqueIdentifier>
      <Extensions>h;hh;hpp;hxx;h++;hm;inl;inc;ipp;xsd</Extensions>
    </Filter>
    <Filter Include="Resource Files">
      <UniqueIdentifier>{67DA6AB6-F800-4c08-8B7A-83BB121AAD01}</UniqueIdentifier>
      <Extensions>rc;ico;cur;bmp;dlg;rc2;rct;bin;rgs;gif;jpg;jpeg;jpe;resx;tiff;tif;png;wav;mfcribbon-ms</Extensions>
    </Filter>
  </ItemGroup>
  <ItemGroup>
    <ClCompile Include="MyForm.cpp">
      <Filter>Source Files</Filter>
    </ClCompile>
    <ClCompile Include="LevelController.cpp">
      <Filter>Source Files</Filter>
    </ClCompile>
    <ClCompile Include="BottomBun.cpp">
      <Filter>Source Files</Filter>
    </ClCompile>
    <ClCompile Include="Cheese.cpp">
      <Filter>Source Files</Filter>
    </ClCompile>
    <ClCompile Include="DatabaseController.cpp">
      <Filter>Source Files</Filter>
    </ClCompile>
    <ClCompile Include="Fries.cpp">
      <Filter>Source Files</Filter>
    </ClCompile>
    <ClCompile Include="GameController.cpp">
      <Filter>Source Files</Filter>
    </ClCompile>
    <ClCompile Include="Ingredients.cpp">
      <Filter>Source Files</Filter>
    </ClCompile>
    <ClCompile Include="Ketchup.cpp">
      <Filter>Source Files</Filter>
    </ClCompile>
    <ClCompile Include="Lettuce.cpp">
      <Filter>Source Files</Filter>
    </ClCompile>
    <ClCompile Include="Mustard.cpp">
      <Filter>Source Files</Filter>
    </ClCompile>
    <ClCompile Include="OutputActionsController.cpp">
      <Filter>Source Files</Filter>
    </ClCompile>
    <ClCompile Include="Patty.cpp">
      <Filter>Source Files</Filter>
    </ClCompile>
    <ClCompile Include="PlayerActionController.cpp">
      <Filter>Source Files</Filter>
    </ClCompile>
    <ClCompile Include="PlayerBurger.cpp">
      <Filter>Source Files</Filter>
    </ClCompile>
    <ClCompile Include="RecentActions.cpp">
      <Filter>Source Files</Filter>
    </ClCompile>
    <ClCompile Include="Sides.cpp">
      <Filter>Source Files</Filter>
    </ClCompile>
    <ClCompile Include="Soda.cpp">
      <Filter>Source Files</Filter>
    </ClCompile>
    <ClCompile Include="Tomato.cpp">
      <Filter>Source Files</Filter>
    </ClCompile>
    <ClCompile Include="TopBun.cpp">
      <Filter>Source Files</Filter>
    </ClCompile>
    <ClCompile Include="IngredientsSimpleFactory.cpp">
      <Filter>Source Files</Filter>
    </ClCompile>
    <ClCompile Include="ImageSelection.cpp">
      <Filter>Source Files</Filter>
    </ClCompile>
    <ClCompile Include="NewCurrentLevel.cpp">
      <Filter>Source Files</Filter>
    </ClCompile>
    <ClCompile Include="Order.cpp">
      <Filter>Source Files</Filter>
    </ClCompile>
    <ClCompile Include="Invoker.cpp">
      <Filter>Source Files</Filter>
    </ClCompile>
    <ClCompile Include="AddIngredientCommand.cpp">
      <Filter>Source Files</Filter>
    </ClCompile>
    <ClCompile Include="TrashBurgerCommand.cpp">
      <Filter>Source Files</Filter>
    </ClCompile>
    <ClCompile Include="AddDrinkCommand.cpp">
      <Filter>Source Files</Filter>
    </ClCompile>
    <ClCompile Include="AddFriesCommand.cpp">
      <Filter>Source Files</Filter>
    </ClCompile>
  </ItemGroup>
  <ItemGroup>
    <ClInclude Include="MyForm.h">
      <Filter>Header Files</Filter>
    </ClInclude>
    <ClInclude Include="BottomBun.h">
      <Filter>Header Files</Filter>
    </ClInclude>
    <ClInclude Include="Cheese.h">
      <Filter>Header Files</Filter>
    </ClInclude>
    <ClInclude Include="DatabaseController.h">
      <Filter>Header Files</Filter>
    </ClInclude>
    <ClInclude Include="Fries.h">
      <Filter>Header Files</Filter>
    </ClInclude>
    <ClInclude Include="GameController.h">
      <Filter>Header Files</Filter>
    </ClInclude>
    <ClInclude Include="Ingredients.h">
      <Filter>Header Files</Filter>
    </ClInclude>
    <ClInclude Include="Ketchup.h">
      <Filter>Header Files</Filter>
    </ClInclude>
    <ClInclude Include="Lettuce.h">
      <Filter>Header Files</Filter>
    </ClInclude>
    <ClInclude Include="LevelController.h">
      <Filter>Header Files</Filter>
    </ClInclude>
    <ClInclude Include="Mustard.h">
      <Filter>Header Files</Filter>
    </ClInclude>
    <ClInclude Include="OutputActionsController.h">
      <Filter>Header Files</Filter>
    </ClInclude>
    <ClInclude Include="Patty.h">
      <Filter>Header Files</Filter>
    </ClInclude>
    <ClInclude Include="PlayerActionController.h">
      <Filter>Header Files</Filter>
    </ClInclude>
    <ClInclude Include="PlayerBurger.h">
      <Filter>Header Files</Filter>
    </ClInclude>
    <ClInclude Include="RecentActions.h">
      <Filter>Header Files</Filter>
    </ClInclude>
    <ClInclude Include="Sides.h">
      <Filter>Header Files</Filter>
    </ClInclude>
    <ClInclude Include="Soda.h">
      <Filter>Header Files</Filter>
    </ClInclude>
    <ClInclude Include="Tomato.h">
      <Filter>Header Files</Filter>
    </ClInclude>
    <ClInclude Include="TopBun.h">
      <Filter>Header Files</Filter>
    </ClInclude>
    <ClInclude Include="IngredientsSimpleFactory.h">
      <Filter>Header Files</Filter>
    </ClInclude>
    <ClInclude Include="ImageSelection.h">
      <Filter>Header Files</Filter>
    </ClInclude>
    <ClInclude Include="Order.h">
      <Filter>Header Files</Filter>
    </ClInclude>
    <ClInclude Include="NewCurrentLevel.h">
      <Filter>Header Files</Filter>
    </ClInclude>
    <ClInclude Include="Invoker.h">
      <Filter>Header Files</Filter>
    </ClInclude>
    <ClInclude Include="Command.h">
      <Filter>Header Files</Filter>
    </ClInclude>
    <ClInclude Include="AddIngredientCommand.h">
      <Filter>Header Files</Filter>
    </ClInclude>
    <ClInclude Include="TrashBurgerCommand.h">
      <Filter>Header Files</Filter>
    </ClInclude>
    <ClInclude Include="AddDrinkCommand.h">
      <Filter>Header Files</Filter>
    </ClInclude>
    <ClInclude Include="AddFriesCommand.h">
      <Filter>Header Files</Filter>
    </ClInclude>
  </ItemGroup>
  <ItemGroup>
    <Xml Include="orders_data.xml">
      <Filter>Resource Files</Filter>
    </Xml>
    <Xml Include="levels_data.xml">
      <Filter>Resource Files</Filter>
    </Xml>
  </ItemGroup>
  <ItemGroup>
    <Image Include="..\..\..\..\..\Documents\College Docs\SOFT 3330\project\KeyBoardBurgers\KeyBoardBurgers\BottomBun.png">
      <Filter>Resource Files</Filter>
    </Image>
    <Image Include="..\..\..\..\..\Documents\College Docs\SOFT 3330\project\KeyBoardBurgers\KeyBoardBurgers\Cheese.png">
      <Filter>Resource Files</Filter>
    </Image>
    <Image Include="..\..\..\..\..\Documents\College Docs\SOFT 3330\project\KeyBoardBurgers\KeyBoardBurgers\Ketchup.png">
      <Filter>Resource Files</Filter>
    </Image>
    <Image Include="..\..\..\..\..\Documents\College Docs\SOFT 3330\project\KeyBoardBurgers\KeyBoardBurgers\Lettuce.png">
      <Filter>Resource Files</Filter>
    </Image>
    <Image Include="..\..\..\..\..\Documents\College Docs\SOFT 3330\project\KeyBoardBurgers\KeyBoardBurgers\Mustard.png">
      <Filter>Resource Files</Filter>
    </Image>
    <Image Include="..\..\..\..\..\Documents\College Docs\SOFT 3330\project\KeyBoardBurgers\KeyBoardBurgers\Patty.png">
      <Filter>Resource Files</Filter>
    </Image>
    <Image Include="..\..\..\..\..\Documents\College Docs\SOFT 3330\project\KeyBoardBurgers\KeyBoardBurgers\Tomato.png">
      <Filter>Resource Files</Filter>
    </Image>
    <Image Include="..\..\..\..\..\Documents\College Docs\SOFT 3330\project\KeyBoardBurgers\KeyBoardBurgers\TopBun.png">
      <Filter>Resource Files</Filter>
    </Image>
    <Image Include="Fries.png">
      <Filter>Resource Files</Filter>
    </Image>
    <Image Include="Soda.png">
      <Filter>Resource Files</Filter>
    </Image>
  </ItemGroup>
</Project>